
Microsoft Visual Studio Solution File, Format Version 12.00
# Visual Studio Version 16
VisualStudioVersion = 16.0.30611.23
MinimumVisualStudioVersion = 10.0.40219.1
Project("{FAE04EC0-301F-11D3-BF4B-00C04F79EFBC}") = "TestApp", "TestApp\TestApp.csproj", "{475EA884-C63D-4D9E-9329-F00523A82473}"
EndProject
Global
	GlobalSection(SolutionConfigurationPlatforms) = preSolution
		Debug|Any CPU = Debug|Any CPU
		Release|Any CPU = Release|Any CPU
	EndGlobalSection
	GlobalSection(ProjectConfigurationPlatforms) = postSolution
		{475EA884-C63D-4D9E-9329-F00523A82473}.Debug|Any CPU.ActiveCfg = Debug|Any CPU
		{475EA884-C63D-4D9E-9329-F00523A82473}.Debug|Any CPU.Build.0 = Debug|Any CPU
		{475EA884-C63D-4D9E-9329-F00523A82473}.Release|Any CPU.ActiveCfg = Release|Any CPU
		{475EA884-C63D-4D9E-9329-F00523A82473}.Release|Any CPU.Build.0 = Release|Any CPU
	EndGlobalSection
	GlobalSection(SolutionProperties) = preSolution
		HideSolutionNode = FALSE
	EndGlobalSection
	GlobalSection(ExtensibilityGlobals) = postSolution
		SolutionGuid = {68A7D610-C568-47DD-9906-5EE30C4FB7ED}
	EndGlobalSection
EndGlobal
